
Microsoft Visual Studio Solution File, Format Version 12.00
# Visual Studio Version 17
VisualStudioVersion = 17.5.002.0
MinimumVisualStudioVersion = 10.0.40219.1
Project("{9A19103F-16F7-4668-BE54-9A1E7A4F7556}") = "Painting64", "Painting64.csproj", "{871EBA7D-CD4D-43DC-A836-32E7E0F1DC53}"
EndProject
Global
	GlobalSection(SolutionConfigurationPlatforms) = preSolution
		Debug|Any CPU = Debug|Any CPU
		Release|Any CPU = Release|Any CPU
	EndGlobalSection
	GlobalSection(ProjectConfigurationPlatforms) = postSolution
		{871EBA7D-CD4D-43DC-A836-32E7E0F1DC53}.Debug|Any CPU.ActiveCfg = Debug|Any CPU
		{871EBA7D-CD4D-43DC-A836-32E7E0F1DC53}.Debug|Any CPU.Build.0 = Debug|Any CPU
		{871EBA7D-CD4D-43DC-A836-32E7E0F1DC53}.Release|Any CPU.ActiveCfg = Release|Any CPU
		{871EBA7D-CD4D-43DC-A836-32E7E0F1DC53}.Release|Any CPU.Build.0 = Release|Any CPU
	EndGlobalSection
	GlobalSection(SolutionProperties) = preSolution
		HideSolutionNode = FALSE
	EndGlobalSection
	GlobalSection(ExtensibilityGlobals) = postSolution
		SolutionGuid = {1188E951-5D88-4CD0-985A-79AE8E76DD4C}
	EndGlobalSection
EndGlobal
